
Microsoft Visual Studio Solution File, Format Version 12.00
# Visual Studio Version 17
VisualStudioVersion = 17.5.33424.131
MinimumVisualStudioVersion = 10.0.40219.1
Project("{2150E333-8FDC-42A3-9474-1A3956D46DE8}") = "LorePdks.Service", "LorePdks.Service", "{062FA069-E7E7-480E-994A-6ECFC5570B30}"
EndProject
Project("{FAE04EC0-301F-11D3-BF4B-00C04F79EFBC}") = "LorePdks.BAL", "LorePdks.BAL\LorePdks.BAL.csproj", "{B6F575B6-5D7D-45DE-9A13-3C6FB89B206D}"
EndProject
Project("{FAE04EC0-301F-11D3-BF4B-00C04F79EFBC}") = "LorePdks.COMMON", "LorePdks.COMMON\LorePdks.COMMON.csproj", "{6C44AB84-D450-4D71-B765-59F986A05ABF}"
EndProject
Project("{FAE04EC0-301F-11D3-BF4B-00C04F79EFBC}") = "LorePdks.DAL", "LorePdks.DAL\LorePdks.DAL.csproj", "{1E4F1945-593F-4919-AFB4-27409C209223}"
EndProject
Project("{FAE04EC0-301F-11D3-BF4B-00C04F79EFBC}") = "LorePdks.API", "LorePdks.API\LorePdks.API.csproj", "{1077AEE6-491F-4365-A4A7-415FA39B531F}"
EndProject
Project("{FAE04EC0-301F-11D3-BF4B-00C04F79EFBC}") = "Lore.SetupAndDosyaOku", "SetupAndDosyaOku\Lore.SetupAndDosyaOku\Lore.SetupAndDosyaOku.csproj", "{D5BADB7E-34A9-169D-3F71-216678EB9517}"
EndProject
Global
	GlobalSection(SolutionConfigurationPlatforms) = preSolution
		Debug|Any CPU = Debug|Any CPU
		Debug|ARM32 = Debug|ARM32
		Release|Any CPU = Release|Any CPU
		Release|ARM32 = Release|ARM32
	EndGlobalSection
	GlobalSection(ProjectConfigurationPlatforms) = postSolution
		{B6F575B6-5D7D-45DE-9A13-3C6FB89B206D}.Debug|Any CPU.ActiveCfg = Debug|Any CPU
		{B6F575B6-5D7D-45DE-9A13-3C6FB89B206D}.Debug|Any CPU.Build.0 = Debug|Any CPU
		{B6F575B6-5D7D-45DE-9A13-3C6FB89B206D}.Debug|ARM32.ActiveCfg = Debug|ARM32
		{B6F575B6-5D7D-45DE-9A13-3C6FB89B206D}.Debug|ARM32.Build.0 = Debug|ARM32
		{B6F575B6-5D7D-45DE-9A13-3C6FB89B206D}.Release|Any CPU.ActiveCfg = Release|Any CPU
		{B6F575B6-5D7D-45DE-9A13-3C6FB89B206D}.Release|Any CPU.Build.0 = Release|Any CPU
		{B6F575B6-5D7D-45DE-9A13-3C6FB89B206D}.Release|ARM32.ActiveCfg = Release|ARM32
		{B6F575B6-5D7D-45DE-9A13-3C6FB89B206D}.Release|ARM32.Build.0 = Release|ARM32
		{6C44AB84-D450-4D71-B765-59F986A05ABF}.Debug|Any CPU.ActiveCfg = Debug|Any CPU
		{6C44AB84-D450-4D71-B765-59F986A05ABF}.Debug|Any CPU.Build.0 = Debug|Any CPU
		{6C44AB84-D450-4D71-B765-59F986A05ABF}.Debug|ARM32.ActiveCfg = Debug|ARM32
		{6C44AB84-D450-4D71-B765-59F986A05ABF}.Debug|ARM32.Build.0 = Debug|ARM32
		{6C44AB84-D450-4D71-B765-59F986A05ABF}.Release|Any CPU.ActiveCfg = Release|Any CPU
		{6C44AB84-D450-4D71-B765-59F986A05ABF}.Release|Any CPU.Build.0 = Release|Any CPU
		{6C44AB84-D450-4D71-B765-59F986A05ABF}.Release|ARM32.ActiveCfg = Release|ARM32
		{6C44AB84-D450-4D71-B765-59F986A05ABF}.Release|ARM32.Build.0 = Release|ARM32
		{1E4F1945-593F-4919-AFB4-27409C209223}.Debug|Any CPU.ActiveCfg = Debug|Any CPU
		{1E4F1945-593F-4919-AFB4-27409C209223}.Debug|Any CPU.Build.0 = Debug|Any CPU
		{1E4F1945-593F-4919-AFB4-27409C209223}.Debug|ARM32.ActiveCfg = Debug|ARM32
		{1E4F1945-593F-4919-AFB4-27409C209223}.Debug|ARM32.Build.0 = Debug|ARM32
		{1E4F1945-593F-4919-AFB4-27409C209223}.Release|Any CPU.ActiveCfg = Release|Any CPU
		{1E4F1945-593F-4919-AFB4-27409C209223}.Release|Any CPU.Build.0 = Release|Any CPU
		{1E4F1945-593F-4919-AFB4-27409C209223}.Release|ARM32.ActiveCfg = Release|ARM32
		{1E4F1945-593F-4919-AFB4-27409C209223}.Release|ARM32.Build.0 = Release|ARM32
		{1077AEE6-491F-4365-A4A7-415FA39B531F}.Debug|Any CPU.ActiveCfg = Debug|Any CPU
		{1077AEE6-491F-4365-A4A7-415FA39B531F}.Debug|Any CPU.Build.0 = Debug|Any CPU
		{1077AEE6-491F-4365-A4A7-415FA39B531F}.Debug|ARM32.ActiveCfg = Debug|ARM32
		{1077AEE6-491F-4365-A4A7-415FA39B531F}.Debug|ARM32.Build.0 = Debug|ARM32
		{1077AEE6-491F-4365-A4A7-415FA39B531F}.Release|Any CPU.ActiveCfg = Release|Any CPU
		{1077AEE6-491F-4365-A4A7-415FA39B531F}.Release|Any CPU.Build.0 = Release|Any CPU
		{1077AEE6-491F-4365-A4A7-415FA39B531F}.Release|ARM32.ActiveCfg = Release|ARM32
		{1077AEE6-491F-4365-A4A7-415FA39B531F}.Release|ARM32.Build.0 = Release|ARM32
		{D5BADB7E-34A9-169D-3F71-216678EB9517}.Debug|Any CPU.ActiveCfg = Debug|Any CPU
		{D5BADB7E-34A9-169D-3F71-216678EB9517}.Debug|Any CPU.Build.0 = Debug|Any CPU
		{D5BADB7E-34A9-169D-3F71-216678EB9517}.Debug|ARM32.ActiveCfg = Debug|Any CPU
		{D5BADB7E-34A9-169D-3F71-216678EB9517}.Debug|ARM32.Build.0 = Debug|Any CPU
		{D5BADB7E-34A9-169D-3F71-216678EB9517}.Release|Any CPU.ActiveCfg = Release|Any CPU
		{D5BADB7E-34A9-169D-3F71-216678EB9517}.Release|Any CPU.Build.0 = Release|Any CPU
		{D5BADB7E-34A9-169D-3F71-216678EB9517}.Release|ARM32.ActiveCfg = Release|Any CPU
		{D5BADB7E-34A9-169D-3F71-216678EB9517}.Release|ARM32.Build.0 = Release|Any CPU
	EndGlobalSection
	GlobalSection(SolutionProperties) = preSolution
		HideSolutionNode = FALSE
	EndGlobalSection
	GlobalSection(NestedProjects) = preSolution
		{B6F575B6-5D7D-45DE-9A13-3C6FB89B206D} = {062FA069-E7E7-480E-994A-6ECFC5570B30}
		{6C44AB84-D450-4D71-B765-59F986A05ABF} = {062FA069-E7E7-480E-994A-6ECFC5570B30}
		{1E4F1945-593F-4919-AFB4-27409C209223} = {062FA069-E7E7-480E-994A-6ECFC5570B30}
		{1077AEE6-491F-4365-A4A7-415FA39B531F} = {062FA069-E7E7-480E-994A-6ECFC5570B30}
	EndGlobalSection
	GlobalSection(ExtensibilityGlobals) = postSolution
		SolutionGuid = {995BA2CB-5BCD-4923-BB06-0FE0677CFD26}
	EndGlobalSection
EndGlobal
